
Microsoft Visual Studio Solution File, Format Version 12.00
# Visual Studio 15
VisualStudioVersion = 15.0.27703.2042
MinimumVisualStudioVersion = 10.0.40219.1
Project("{FAE04EC0-301F-11D3-BF4B-00C04F79EFBC}") = "Карточки памяти", "Карточки памяти\Карточки памяти.csproj", "{1EE40538-A63B-467F-AE94-3B36E55DA390}"
EndProject
Project("{FAE04EC0-301F-11D3-BF4B-00C04F79EFBC}") = "MemoryLibrary", "MemoryLibrary\MemoryLibrary.csproj", "{B7B4AC55-65F2-49C9-BD06-05A3B696021E}"
EndProject
Global
	GlobalSection(SolutionConfigurationPlatforms) = preSolution
		Debug|Any CPU = Debug|Any CPU
		Release|Any CPU = Release|Any CPU
	EndGlobalSection
	GlobalSection(ProjectConfigurationPlatforms) = postSolution
		{1EE40538-A63B-467F-AE94-3B36E55DA390}.Debug|Any CPU.ActiveCfg = Debug|Any CPU
		{1EE40538-A63B-467F-AE94-3B36E55DA390}.Debug|Any CPU.Build.0 = Debug|Any CPU
		{1EE40538-A63B-467F-AE94-3B36E55DA390}.Release|Any CPU.ActiveCfg = Release|Any CPU
		{1EE40538-A63B-467F-AE94-3B36E55DA390}.Release|Any CPU.Build.0 = Release|Any CPU
		{B7B4AC55-65F2-49C9-BD06-05A3B696021E}.Debug|Any CPU.ActiveCfg = Debug|Any CPU
		{B7B4AC55-65F2-49C9-BD06-05A3B696021E}.Debug|Any CPU.Build.0 = Debug|Any CPU
		{B7B4AC55-65F2-49C9-BD06-05A3B696021E}.Release|Any CPU.ActiveCfg = Release|Any CPU
		{B7B4AC55-65F2-49C9-BD06-05A3B696021E}.Release|Any CPU.Build.0 = Release|Any CPU
	EndGlobalSection
	GlobalSection(SolutionProperties) = preSolution
		HideSolutionNode = FALSE
	EndGlobalSection
	GlobalSection(ExtensibilityGlobals) = postSolution
		SolutionGuid = {0FF5437A-A890-44CA-A379-4E7EFDD7B3FC}
	EndGlobalSection
EndGlobal
